{
  "name": "apps-script-x-power-tracker",
  "version": "1.0.1",
  "lockfileVersion": 2,
  "requires": true,
  "packages": {
    "": {
      "name": "apps-script-x-power-tracker",
      "version": "1.0.1",
      "license": "MIT",
      "dependencies": {
        "@splatoon-stats/types": "^1.0.2"
      },
      "devDependencies": {
        "@types/google-apps-script": "^1.0.31",
        "dotenv": "^9.0.1",
        "esbuild": "^0.11.10"
      }
    },
    "node_modules/@splatoon-stats/types": {
      "version": "1.0.2",
      "resolved": "https://registry.npmjs.org/@splatoon-stats/types/-/types-1.0.2.tgz",
      "integrity": "sha512-fYWvmlFwJXn/M66iOMjR/tMS65yGoQFkDP/0TeE8l3QKMJgAux/q7MTALOVCRkxLOVfm/PHJ2LN0jnEhvVLd+g=="
    },
    "node_modules/@types/google-apps-script": {
      "version": "1.0.31",
      "resolved": "https://registry.npmjs.org/@types/google-apps-script/-/google-apps-script-1.0.31.tgz",
      "integrity": "sha512-tgsJKk20fwFoh0Ml4Li3pqKQ5uu3Nr3XeRsee2+pkPGrJxDlA3qsHAA2q3/HRv5yi9U6QVvdGwJ16USnmA7wAA==",
      "dev": true
    },
    "node_modules/dotenv": {
      "version": "9.0.1",
      "resolved": "https://registry.npmjs.org/dotenv/-/dotenv-9.0.1.tgz",
      "integrity": "sha512-W8FNeNnnvJoYfgkFRKzp8kTgz0T2YY4TJ9xy1Ma0hSebPTK8iquRtpG12TUrSTX5zIN9D/wSLEEuI+Ad35tlyw==",
      "dev": true,
      "engines": {
        "node": ">=10"
      }
    },
    "node_modules/esbuild": {
      "version": "0.11.10",
      "resolved": "https://registry.npmjs.org/esbuild/-/esbuild-0.11.10.tgz",
      "integrity": "sha512-XvGbf+UreVFA24Tlk6sNOqNcvF2z49XAZt4E7A4H80+yqn944QOLTTxaU0lkdYNtZKFiITNea+VxmtrfjvnLPA==",
      "dev": true,
      "hasInstallScript": true,
      "bin": {
        "esbuild": "bin/esbuild"
      }
    }
  },
  "dependencies": {
    "@splatoon-stats/types": {
      "version": "1.0.2",
      "resolved": "https://registry.npmjs.org/@splatoon-stats/types/-/types-1.0.2.tgz",
      "integrity": "sha512-fYWvmlFwJXn/M66iOMjR/tMS65yGoQFkDP/0TeE8l3QKMJgAux/q7MTALOVCRkxLOVfm/PHJ2LN0jnEhvVLd+g=="
    },
    "@types/google-apps-script": {
      "version": "1.0.31",
      "resolved": "https://registry.npmjs.org/@types/google-apps-script/-/google-apps-script-1.0.31.tgz",
      "integrity": "sha512-tgsJKk20fwFoh0Ml4Li3pqKQ5uu3Nr3XeRsee2+pkPGrJxDlA3qsHAA2q3/HRv5yi9U6QVvdGwJ16USnmA7wAA==",
      "dev": true
    },
    "dotenv": {
      "version": "9.0.1",
      "resolved": "https://registry.npmjs.org/dotenv/-/dotenv-9.0.1.tgz",
      "integrity": "sha512-W8FNeNnnvJoYfgkFRKzp8kTgz0T2YY4TJ9xy1Ma0hSebPTK8iquRtpG12TUrSTX5zIN9D/wSLEEuI+Ad35tlyw==",
      "dev": true
    },
    "esbuild": {
      "version": "0.11.10",
      "resolved": "https://registry.npmjs.org/esbuild/-/esbuild-0.11.10.tgz",
      "integrity": "sha512-XvGbf+UreVFA24Tlk6sNOqNcvF2z49XAZt4E7A4H80+yqn944QOLTTxaU0lkdYNtZKFiITNea+VxmtrfjvnLPA==",
      "dev": true
    }
  }
}
